<?xml version="1.0" encoding="utf-8"?>
<Project ToolsVersion="4.0" xmlns="http://schemas.microsoft.com/developer/msbuild/2003">
  <ItemGroup>
    <Filter Include="Source Files">
      <UniqueIdentifier>{4FC737F1-C7A5-4376-A066-2A32D752A2FF}</UniqueIdentifier>
      <Extensions>cpp;c;cc;cxx;def;odl;idl;hpj;bat;asm;asmx</Extensions>
    </Filter>
    <Filter Include="Source Files\mpir">
      <UniqueIdentifier>{0d5ad09b-d5fc-4a62-a849-ff84a563affd}</UniqueIdentifier>
    </Filter>
    <Filter Include="Source Files\mpir\x64">
      <UniqueIdentifier>{a3853d56-b7af-4920-8071-2268d23f0ec3}</UniqueIdentifier>
    </Filter>
  </ItemGroup>
  <ItemGroup>
    <ClCompile Include="pi_millions_with_boost_multiprecision.cpp">
      <Filter>Source Files</Filter>
    </ClCompile>
  </ItemGroup>
  <ItemGroup>
    <ClInclude Include="mpir\x64\gmp.h">
      <Filter>Source Files\mpir\x64</Filter>
    </ClInclude>
  </ItemGroup>
</Project>