Microsoft Visual Studio Solution File, Format Version 12.00
# Visual Studio Version 16
VisualStudioVersion = 16.0.29613.14
MinimumVisualStudioVersion = 10.0.40219.1
Project("{8BC9CEB8-8B4A-11D0-8D11-00A0C91BC942}") = "q_float", "q_float.vcxproj", "{AAAD1F9F-6EC0-4263-96CA-DE89851BC208}"
EndProject
Global
	GlobalSection(SolutionConfigurationPlatforms) = preSolution
		Debug|Win32 = Debug|Win32
		Debug|x64 = Debug|x64
		Release|Win32 = Release|Win32
		Release|x64 = Release|x64
	EndGlobalSection
	GlobalSection(ProjectConfigurationPlatforms) = postSolution
		{AAAD1F9F-6EC0-4263-96CA-DE89851BC208}.Debug|Win32.ActiveCfg = Debug|Win32
		{AAAD1F9F-6EC0-4263-96CA-DE89851BC208}.Debug|Win32.Build.0 = Debug|Win32
		{AAAD1F9F-6EC0-4263-96CA-DE89851BC208}.Debug|x64.ActiveCfg = Debug|x64
		{AAAD1F9F-6EC0-4263-96CA-DE89851BC208}.Debug|x64.Build.0 = Debug|x64
		{AAAD1F9F-6EC0-4263-96CA-DE89851BC208}.Release|Win32.ActiveCfg = Release|Win32
		{AAAD1F9F-6EC0-4263-96CA-DE89851BC208}.Release|Win32.Build.0 = Release|Win32
		{AAAD1F9F-6EC0-4263-96CA-DE89851BC208}.Release|x64.ActiveCfg = Release|x64
		{AAAD1F9F-6EC0-4263-96CA-DE89851BC208}.Release|x64.Build.0 = Release|x64
	EndGlobalSection
	GlobalSection(SolutionProperties) = preSolution
		HideSolutionNode = FALSE
	EndGlobalSection
	GlobalSection(ExtensibilityGlobals) = postSolution
		SolutionGuid = {48287A57-F2FE-420D-8E1C-34C41D766B1F}
	EndGlobalSection
	GlobalSection(RationalClearCase) = preSolution
		SourceControlProvider = RationalClearCase
	EndGlobalSection
EndGlobal
